
Microsoft Visual Studio Solution File, Format Version 12.00
# Visual Studio Version 16
VisualStudioVersion = 16.0.33130.400
MinimumVisualStudioVersion = 10.0.40219.1
Project("{FAE04EC0-301F-11D3-BF4B-00C04F79EFBC}") = "Mission 4 Assignment", "Mission 4 Assignment\Mission 4 Assignment.csproj", "{EC4117CD-7CDA-4498-A519-3FF90D86B3CE}"
EndProject
Global
	GlobalSection(SolutionConfigurationPlatforms) = preSolution
		Debug|Any CPU = Debug|Any CPU
		Release|Any CPU = Release|Any CPU
	EndGlobalSection
	GlobalSection(ProjectConfigurationPlatforms) = postSolution
		{EC4117CD-7CDA-4498-A519-3FF90D86B3CE}.Debug|Any CPU.ActiveCfg = Debug|Any CPU
		{EC4117CD-7CDA-4498-A519-3FF90D86B3CE}.Debug|Any CPU.Build.0 = Debug|Any CPU
		{EC4117CD-7CDA-4498-A519-3FF90D86B3CE}.Release|Any CPU.ActiveCfg = Release|Any CPU
		{EC4117CD-7CDA-4498-A519-3FF90D86B3CE}.Release|Any CPU.Build.0 = Release|Any CPU
	EndGlobalSection
	GlobalSection(SolutionProperties) = preSolution
		HideSolutionNode = FALSE
	EndGlobalSection
	GlobalSection(ExtensibilityGlobals) = postSolution
		SolutionGuid = {00AABC1B-FC79-4402-80A1-0469AA095191}
	EndGlobalSection
EndGlobal
